
Microsoft Visual Studio Solution File, Format Version 10.00
# Visual Studio 2008
Project("{FAE04EC0-301F-11D3-BF4B-00C04F79EFBC}") = "Resoursaur", "Resoursaur.csproj", "{09683D73-98F5-41DE-AD4A-4732793902D6}"
EndProject
Project("{FAE04EC0-301F-11D3-BF4B-00C04F79EFBC}") = "Common", "..\RageLib\Common\Common.csproj", "{B2A6C9F9-A2BA-49EE-A364-2E839BD381BA}"
EndProject
Project("{2150E333-8FDC-42A3-9474-1A3956D46DE8}") = "RageLib", "RageLib", "{ECEA3501-2BF5-47B3-A7A1-215E231FD16A}"
EndProject
Global
	GlobalSection(SolutionConfigurationPlatforms) = preSolution
		Debug|Any CPU = Debug|Any CPU
		Release|Any CPU = Release|Any CPU
	EndGlobalSection
	GlobalSection(ProjectConfigurationPlatforms) = postSolution
		{09683D73-98F5-41DE-AD4A-4732793902D6}.Debug|Any CPU.ActiveCfg = Debug|Any CPU
		{09683D73-98F5-41DE-AD4A-4732793902D6}.Debug|Any CPU.Build.0 = Debug|Any CPU
		{09683D73-98F5-41DE-AD4A-4732793902D6}.Release|Any CPU.ActiveCfg = Release|Any CPU
		{09683D73-98F5-41DE-AD4A-4732793902D6}.Release|Any CPU.Build.0 = Release|Any CPU
		{B2A6C9F9-A2BA-49EE-A364-2E839BD381BA}.Debug|Any CPU.ActiveCfg = Debug|Any CPU
		{B2A6C9F9-A2BA-49EE-A364-2E839BD381BA}.Debug|Any CPU.Build.0 = Debug|Any CPU
		{B2A6C9F9-A2BA-49EE-A364-2E839BD381BA}.Release|Any CPU.ActiveCfg = Release|Any CPU
		{B2A6C9F9-A2BA-49EE-A364-2E839BD381BA}.Release|Any CPU.Build.0 = Release|Any CPU
	EndGlobalSection
	GlobalSection(SolutionProperties) = preSolution
		HideSolutionNode = FALSE
	EndGlobalSection
	GlobalSection(NestedProjects) = preSolution
		{B2A6C9F9-A2BA-49EE-A364-2E839BD381BA} = {ECEA3501-2BF5-47B3-A7A1-215E231FD16A}
	EndGlobalSection
EndGlobal
